
Microsoft Visual Studio Solution File, Format Version 12.00
# Visual Studio Version 16
VisualStudioVersion = 16.0.30011.22
MinimumVisualStudioVersion = 10.0.40219.1
Project("{FAE04EC0-301F-11D3-BF4B-00C04F79EFBC}") = "VisGraph", "VisGraph.csproj", "{83BC5011-4B80-4471-A874-2E4EEFDBDE76}"
EndProject
Global
	GlobalSection(SolutionConfigurationPlatforms) = preSolution
		Debug|Any CPU = Debug|Any CPU
		Release|Any CPU = Release|Any CPU
	EndGlobalSection
	GlobalSection(ProjectConfigurationPlatforms) = postSolution
		{83BC5011-4B80-4471-A874-2E4EEFDBDE76}.Debug|Any CPU.ActiveCfg = Debug|Any CPU
		{83BC5011-4B80-4471-A874-2E4EEFDBDE76}.Debug|Any CPU.Build.0 = Debug|Any CPU
		{83BC5011-4B80-4471-A874-2E4EEFDBDE76}.Release|Any CPU.ActiveCfg = Release|Any CPU
		{83BC5011-4B80-4471-A874-2E4EEFDBDE76}.Release|Any CPU.Build.0 = Release|Any CPU
	EndGlobalSection
	GlobalSection(SolutionProperties) = preSolution
		HideSolutionNode = FALSE
	EndGlobalSection
	GlobalSection(ExtensibilityGlobals) = postSolution
		SolutionGuid = {AF3073C3-47AE-4D41-8FB5-3B36684F029B}
	EndGlobalSection
EndGlobal
